<?xml version="1.0" encoding="utf-8"?>
<Project ToolsVersion="4.0" xmlns="http://schemas.microsoft.com/developer/msbuild/2003">
  <ItemGroup>
    <Filter Include="Source Files">
      <UniqueIdentifier>{4FC737F1-C7A5-4376-A066-2A32D752A2FF}</UniqueIdentifier>
      <Extensions>cpp;c;cc;cxx;c++;def;odl;idl;hpj;bat;asm;asmx</Extensions>
    </Filter>
    <Filter Include="Header Files">
      <UniqueIdentifier>{93995380-89BD-4b04-88EB-625FBE52EBFB}</UniqueIdentifier>
      <Extensions>h;hh;hpp;hxx;h++;hm;inl;inc;ipp;xsd</Extensions>
    </Filter>
    <Filter Include="Resource Files">
      <UniqueIdentifier>{67DA6AB6-F800-4c08-8B7A-83BB121AAD01}</UniqueIdentifier>
      <Extensions>rc;ico;cur;bmp;dlg;rc2;rct;bin;rgs;gif;jpg;jpeg;jpe;resx;tiff;tif;png;wav;mfcribbon-ms</Extensions>
    </Filter>
    <Filter Include="Source Files\util">
      <UniqueIdentifier>{8a38b13f-8758-4e8d-8bc8-3ee997faee86}</UniqueIdentifier>
    </Filter>
    <Filter Include="Header Files\util">
      <UniqueIdentifier>{c2dc04fb-c072-4249-b0eb-84f2afa722ed}</UniqueIdentifier>
    </Filter>
  </ItemGroup>
  <ItemGroup>
    <ClCompile Include="InferenceEngine.cpp">
      <Filter>Source Files</Filter>
    </ClCompile>
    <ClCompile Include="util\file.cpp">
      <Filter>Source Files\util</Filter>
    </ClCompile>
    <ClCompile Include="util\map.cpp">
      <Filter>Source Files\util</Filter>
    </ClCompile>
    <ClCompile Include="util\string.cpp">
      <Filter>Source Files\util</Filter>
    </ClCompile>
    <ClCompile Include="util\time.cpp">
      <Filter>Source Files\util</Filter>
    </ClCompile>
    <ClCompile Include="util\vector.cpp">
      <Filter>Source Files\util</Filter>
    </ClCompile>
    <ClCompile Include="KnowledgeBase.cpp">
      <Filter>Source Files</Filter>
    </ClCompile>
    <ClCompile Include="Clause.cpp">
      <Filter>Source Files</Filter>
    </ClCompile>
    <ClCompile Include="FC.cpp">
      <Filter>Source Files</Filter>
    </ClCompile>
    <ClCompile Include="TT.cpp">
      <Filter>Source Files</Filter>
    </ClCompile>
    <ClCompile Include="BC.cpp">
      <Filter>Source Files</Filter>
    </ClCompile>
    <ClCompile Include="ProblemFile.cpp">
      <Filter>Source Files</Filter>
    </ClCompile>
  </ItemGroup>
  <ItemGroup>
    <ClInclude Include="InferenceEngine.h">
      <Filter>Header Files</Filter>
    </ClInclude>
    <ClInclude Include="util\file.h">
      <Filter>Header Files\util</Filter>
    </ClInclude>
    <ClInclude Include="util\map.h">
      <Filter>Header Files\util</Filter>
    </ClInclude>
    <ClInclude Include="util\string.h">
      <Filter>Header Files\util</Filter>
    </ClInclude>
    <ClInclude Include="util\time.h">
      <Filter>Header Files\util</Filter>
    </ClInclude>
    <ClInclude Include="util\vector.h">
      <Filter>Header Files\util</Filter>
    </ClInclude>
    <ClInclude Include="KnowledgeBase.h">
      <Filter>Header Files</Filter>
    </ClInclude>
    <ClInclude Include="Clause.h">
      <Filter>Header Files</Filter>
    </ClInclude>
    <ClInclude Include="FC.h">
      <Filter>Header Files</Filter>
    </ClInclude>
    <ClInclude Include="TT.h">
      <Filter>Header Files</Filter>
    </ClInclude>
    <ClInclude Include="BC.h">
      <Filter>Header Files</Filter>
    </ClInclude>
    <ClInclude Include="ProblemFile.h">
      <Filter>Header Files</Filter>
    </ClInclude>
  </ItemGroup>
</Project>